// !$*UTF8*$!
{
	archiveVersion = 1;
	classes = {
	};
	objectVersion = 56;
	objects = {

/* Begin PBXBuildFile section */
		E562B14329FA9AF100459684 /* PlanetApp.swift in Sources */ = {isa = PBXBuildFile; fileRef = E562B14229FA9AF100459684 /* PlanetApp.swift */; };
		E562B14529FA9AF100459684 /* ContentView.swift in Sources */ = {isa = PBXBuildFile; fileRef = E562B14429FA9AF100459684 /* ContentView.swift */; };
		E562B14729FA9AF200459684 /* Assets.xcassets in Resources */ = {isa = PBXBuildFile; fileRef = E562B14629FA9AF200459684 /* Assets.xcassets */; };
		E562B14B29FA9AF200459684 /* Preview Assets.xcassets in Resources */ = {isa = PBXBuildFile; fileRef = E562B14A29FA9AF200459684 /* Preview Assets.xcassets */; };
		E562B15529FA9AF300459684 /* PlanetTests.swift in Sources */ = {isa = PBXBuildFile; fileRef = E562B15429FA9AF300459684 /* PlanetTests.swift */; };
		E562B15F29FA9AF300459684 /* PlanetUITests.swift in Sources */ = {isa = PBXBuildFile; fileRef = E562B15E29FA9AF300459684 /* PlanetUITests.swift */; };
		E562B16129FA9AF300459684 /* PlanetUITestsLaunchTests.swift in Sources */ = {isa = PBXBuildFile; fileRef = E562B16029FA9AF300459684 /* PlanetUITestsLaunchTests.swift */; };
/* End PBXBuildFile section */

/* Begin PBXContainerItemProxy section */
		E562B15129FA9AF300459684 /* PBXContainerItemProxy */ = {
			isa = PBXContainerItemProxy;
			containerPortal = E562B13729FA9AF100459684 /* Project object */;
			proxyType = 1;
			remoteGlobalIDString = E562B13E29FA9AF100459684;
			remoteInfo = Planet;
		};
		E562B15B29FA9AF300459684 /* PBXContainerItemProxy */ = {
			isa = PBXContainerItemProxy;
			containerPortal = E562B13729FA9AF100459684 /* Project object */;
			proxyType = 1;
			remoteGlobalIDString = E562B13E29FA9AF100459684;
			remoteInfo = Planet;
		};
/* End PBXContainerItemProxy section */

/* Begin PBXFileReference section */
		E562B13F29FA9AF100459684 /* Planet.app */ = {isa = PBXFileReference; explicitFileType = wrapper.application; includeInIndex = 0; path = Planet.app; sourceTree = BUILT_PRODUCTS_DIR; };
		E562B14229FA9AF100459684 /* PlanetApp.swift */ = {isa = PBXFileReference; lastKnownFileType = sourcecode.swift; path = PlanetApp.swift; sourceTree = "<group>"; };
		E562B14429FA9AF100459684 /* ContentView.swift */ = {isa = PBXFileReference; lastKnownFileType = sourcecode.swift; path = ContentView.swift; sourceTree = "<group>"; };
		E562B14629FA9AF200459684 /* Assets.xcassets */ = {isa = PBXFileReference; lastKnownFileType = folder.assetcatalog; path = Assets.xcassets; sourceTree = "<group>"; };
		E562B14829FA9AF200459684 /* Planet.entitlements */ = {isa = PBXFileReference; lastKnownFileType = text.plist.entitlements; path = Planet.entitlements; sourceTree = "<group>"; };
		E562B14A29FA9AF200459684 /* Preview Assets.xcassets */ = {isa = PBXFileReference; lastKnownFileType = folder.assetcatalog; path = "Preview Assets.xcassets"; sourceTree = "<group>"; };
		E562B15029FA9AF300459684 /* PlanetTests.xctest */ = {isa = PBXFileReference; explicitFileType = wrapper.cfbundle; includeInIndex = 0; path = PlanetTests.xctest; sourceTree = BUILT_PRODUCTS_DIR; };
		E562B15429FA9AF300459684 /* PlanetTests.swift */ = {isa = PBXFileReference; lastKnownFileType = sourcecode.swift; path = PlanetTests.swift; sourceTree = "<group>"; };
		E562B15A29FA9AF300459684 /* PlanetUITests.xctest */ = {isa = PBXFileReference; explicitFileType = wrapper.cfbundle; includeInIndex = 0; path = PlanetUITests.xctest; sourceTree = BUILT_PRODUCTS_DIR; };
		E562B15E29FA9AF300459684 /* PlanetUITests.swift */ = {isa = PBXFileReference; lastKnownFileType = sourcecode.swift; path = PlanetUITests.swift; sourceTree = "<group>"; };
		E562B16029FA9AF300459684 /* PlanetUITestsLaunchTests.swift */ = {isa = PBXFileReference; lastKnownFileType = sourcecode.swift; path = PlanetUITestsLaunchTests.swift; sourceTree = "<group>"; };
/* End PBXFileReference section */

/* Begin PBXFrameworksBuildPhase section */
		E562B13C29FA9AF100459684 /* Frameworks */ = {
			isa = PBXFrameworksBuildPhase;
			buildActionMask = 2147483647;
			files = (
			);
			runOnlyForDeploymentPostprocessing = 0;
		};
		E562B14D29FA9AF300459684 /* Frameworks */ = {
			isa = PBXFrameworksBuildPhase;
			buildActionMask = 2147483647;
			files = (
			);
			runOnlyForDeploymentPostprocessing = 0;
		};
		E562B15729FA9AF300459684 /* Frameworks */ = {
			isa = PBXFrameworksBuildPhase;
			buildActionMask = 2147483647;
			files = (
			);
			runOnlyForDeploymentPostprocessing = 0;
		};
/* End PBXFrameworksBuildPhase section */

/* Begin PBXGroup section */
		E562B13629FA9AF100459684 = {
			isa = PBXGroup;
			children = (
				E562B14129FA9AF100459684 /* Planet */,
				E562B15329FA9AF300459684 /* PlanetTests */,
				E562B15D29FA9AF300459684 /* PlanetUITests */,
				E562B14029FA9AF100459684 /* Products */,
			);
			sourceTree = "<group>";
		};
		E562B14029FA9AF100459684 /* Products */ = {
			isa = PBXGroup;
			children = (
				E562B13F29FA9AF100459684 /* Planet.app */,
				E562B15029FA9AF300459684 /* PlanetTests.xctest */,
				E562B15A29FA9AF300459684 /* PlanetUITests.xctest */,
			);
			name = Products;
			sourceTree = "<group>";
		};
		E562B14129FA9AF100459684 /* Planet */ = {
			isa = PBXGroup;
			children = (
				E562B14229FA9AF100459684 /* PlanetApp.swift */,
				E562B14429FA9AF100459684 /* ContentView.swift */,
				E562B14629FA9AF200459684 /* Assets.xcassets */,
				E562B14829FA9AF200459684 /* Planet.entitlements */,
				E562B14929FA9AF200459684 /* Preview Content */,
			);
			path = Planet;
			sourceTree = "<group>";
		};
		E562B14929FA9AF200459684 /* Preview Content */ = {
			isa = PBXGroup;
			children = (
				E562B14A29FA9AF200459684 /* Preview Assets.xcassets */,
			);
			path = "Preview Content";
			sourceTree = "<group>";
		};
		E562B15329FA9AF300459684 /* PlanetTests */ = {
			isa = PBXGroup;
			children = (
				E562B15429FA9AF300459684 /* PlanetTests.swift */,
			);
			path = PlanetTests;
			sourceTree = "<group>";
		};
		E562B15D29FA9AF300459684 /* PlanetUITests */ = {
			isa = PBXGroup;
			children = (
				E562B15E29FA9AF300459684 /* PlanetUITests.swift */,
				E562B16029FA9AF300459684 /* PlanetUITestsLaunchTests.swift */,
			);
			path = PlanetUITests;
			sourceTree = "<group>";
		};
/* End PBXGroup section */

/* Begin PBXNativeTarget section */
		E562B13E29FA9AF100459684 /* Planet */ = {
			isa = PBXNativeTarget;
			buildConfigurationList = E562B16429FA9AF300459684 /* Build configuration list for PBXNativeTarget "Planet" */;
			buildPhases = (
				E562B13B29FA9AF100459684 /* Sources */,
				E562B13C29FA9AF100459684 /* Frameworks */,
				E562B13D29FA9AF100459684 /* Resources */,
			);
			buildRules = (
			);
			dependencies = (
			);
			name = Planet;
			productName = Planet;
			productReference = E562B13F29FA9AF100459684 /* Planet.app */;
			productType = "com.apple.product-type.application";
		};
		E562B14F29FA9AF300459684 /* PlanetTests */ = {
			isa = PBXNativeTarget;
			buildConfigurationList = E562B16729FA9AF300459684 /* Build configuration list for PBXNativeTarget "PlanetTests" */;
			buildPhases = (
				E562B14C29FA9AF300459684 /* Sources */,
				E562B14D29FA9AF300459684 /* Frameworks */,
				E562B14E29FA9AF300459684 /* Resources */,
			);
			buildRules = (
			);
			dependencies = (
				E562B15229FA9AF300459684 /* PBXTargetDependency */,
			);
			name = PlanetTests;
			productName = PlanetTests;
			productReference = E562B15029FA9AF300459684 /* PlanetTests.xctest */;
			productType = "com.apple.product-type.bundle.unit-test";
		};
		E562B15929FA9AF300459684 /* PlanetUITests */ = {
			isa = PBXNativeTarget;
			buildConfigurationList = E562B16A29FA9AF300459684 /* Build configuration list for PBXNativeTarget "PlanetUITests" */;
			buildPhases = (
				E562B15629FA9AF300459684 /* Sources */,
				E562B15729FA9AF300459684 /* Frameworks */,
				E562B15829FA9AF300459684 /* Resources */,
			);
			buildRules = (
			);
			dependencies = (
				E562B15C29FA9AF300459684 /* PBXTargetDependency */,
			);
			name = PlanetUITests;
			productName = PlanetUITests;
			productReference = E562B15A29FA9AF300459684 /* PlanetUITests.xctest */;
			productType = "com.apple.product-type.bundle.ui-testing";
		};
/* End PBXNativeTarget section */

/* Begin PBXProject section */
		E562B13729FA9AF100459684 /* Project object */ = {
			isa = PBXProject;
			attributes = {
				BuildIndependentTargetsInParallel = 1;
				LastSwiftUpdateCheck = 1420;
				LastUpgradeCheck = 1420;
				TargetAttributes = {
					E562B13E29FA9AF100459684 = {
						CreatedOnToolsVersion = 14.2;
					};
					E562B14F29FA9AF300459684 = {
						CreatedOnToolsVersion = 14.2;
						TestTargetID = E562B13E29FA9AF100459684;
					};
					E562B15929FA9AF300459684 = {
						CreatedOnToolsVersion = 14.2;
						TestTargetID = E562B13E29FA9AF100459684;
					};
				};
			};
			buildConfigurationList = E562B13A29FA9AF100459684 /* Build configuration list for PBXProject "Planet" */;
			compatibilityVersion = "Xcode 14.0";
			developmentRegion = en;
			hasScannedForEncodings = 0;
			knownRegions = (
				en,
				Base,
			);
			mainGroup = E562B13629FA9AF100459684;
			productRefGroup = E562B14029FA9AF100459684 /* Products */;
			projectDirPath = "";
			projectRoot = "";
			targets = (
				E562B13E29FA9AF100459684 /* Planet */,
				E562B14F29FA9AF300459684 /* PlanetTests */,
				E562B15929FA9AF300459684 /* PlanetUITests */,
			);
		};
/* End PBXProject section */

/* Begin PBXResourcesBuildPhase section */
		E562B13D29FA9AF100459684 /* Resources */ = {
			isa = PBXResourcesBuildPhase;
			buildActionMask = 2147483647;
			files = (
				E562B14B29FA9AF200459684 /* Preview Assets.xcassets in Resources */,
				E562B14729FA9AF200459684 /* Assets.xcassets in Resources */,
			);
			runOnlyForDeploymentPostprocessing = 0;
		};
		E562B14E29FA9AF300459684 /* Resources */ = {
			isa = PBXResourcesBuildPhase;
			buildActionMask = 2147483647;
			files = (
			);
			runOnlyForDeploymentPostprocessing = 0;
		};
		E562B15829FA9AF300459684 /* Resources */ = {
			isa = PBXResourcesBuildPhase;
			buildActionMask = 2147483647;
			files = (
			);
			runOnlyForDeploymentPostprocessing = 0;
		};
/* End PBXResourcesBuildPhase section */

/* Begin PBXSourcesBuildPhase section */
		E562B13B29FA9AF100459684 /* Sources */ = {
			isa = PBXSourcesBuildPhase;
			buildActionMask = 2147483647;
			files = (
				E562B14529FA9AF100459684 /* ContentView.swift in Sources */,
				E562B14329FA9AF100459684 /* PlanetApp.swift in Sources */,
			);
			runOnlyForDeploymentPostprocessing = 0;
		};
		E562B14C29FA9AF300459684 /* Sources */ = {
			isa = PBXSourcesBuildPhase;
			buildActionMask = 2147483647;
			files = (
				E562B15529FA9AF300459684 /* PlanetTests.swift in Sources */,
			);
			runOnlyForDeploymentPostprocessing = 0;
		};
		E562B15629FA9AF300459684 /* Sources */ = {
			isa = PBXSourcesBuildPhase;
			buildActionMask = 2147483647;
			files = (
				E562B16129FA9AF300459684 /* PlanetUITestsLaunchTests.swift in Sources */,
				E562B15F29FA9AF300459684 /* PlanetUITests.swift in Sources */,
			);
			runOnlyForDeploymentPostprocessing = 0;
		};
/* End PBXSourcesBuildPhase section */

/* Begin PBXTargetDependency section */
		E562B15229FA9AF300459684 /* PBXTargetDependency */ = {
			isa = PBXTargetDependency;
			target = E562B13E29FA9AF100459684 /* Planet */;
			targetProxy = E562B15129FA9AF300459684 /* PBXContainerItemProxy */;
		};
		E562B15C29FA9AF300459684 /* PBXTargetDependency */ = {
			isa = PBXTargetDependency;
			target = E562B13E29FA9AF100459684 /* Planet */;
			targetProxy = E562B15B29FA9AF300459684 /* PBXContainerItemProxy */;
		};
/* End PBXTargetDependency section */

/* Begin XCBuildConfiguration section */
		E562B16229FA9AF300459684 /* Debug */ = {
			isa = XCBuildConfiguration;
			buildSettings = {
				ALWAYS_SEARCH_USER_PATHS = NO;
				CLANG_ANALYZER_NONNULL = YES;
				CLANG_ANALYZER_NUMBER_OBJECT_CONVERSION = YES_AGGRESSIVE;
				CLANG_CXX_LANGUAGE_STANDARD = "gnu++20";
				CLANG_ENABLE_MODULES = YES;
				CLANG_ENABLE_OBJC_ARC = YES;
				CLANG_ENABLE_OBJC_WEAK = YES;
				CLANG_WARN_BLOCK_CAPTURE_AUTORELEASING = YES;
				CLANG_WARN_BOOL_CONVERSION = YES;
				CLANG_WARN_COMMA = YES;
				CLANG_WARN_CONSTANT_CONVERSION = YES;
				CLANG_WARN_DEPRECATED_OBJC_IMPLEMENTATIONS = YES;
				CLANG_WARN_DIRECT_OBJC_ISA_USAGE = YES_ERROR;
				CLANG_WARN_DOCUMENTATION_COMMENTS = YES;
				CLANG_WARN_EMPTY_BODY = YES;
				CLANG_WARN_ENUM_CONVERSION = YES;
				CLANG_WARN_INFINITE_RECURSION = YES;
				CLANG_WARN_INT_CONVERSION = YES;
				CLANG_WARN_NON_LITERAL_NULL_CONVERSION = YES;
				CLANG_WARN_OBJC_IMPLICIT_RETAIN_SELF = YES;
				CLANG_WARN_OBJC_LITERAL_CONVERSION = YES;
				CLANG_WARN_OBJC_ROOT_CLASS = YES_ERROR;
				CLANG_WARN_QUOTED_INCLUDE_IN_FRAMEWORK_HEADER = YES;
				CLANG_WARN_RANGE_LOOP_ANALYSIS = YES;
				CLANG_WARN_STRICT_PROTOTYPES = YES;
				CLANG_WARN_SUSPICIOUS_MOVE = YES;
				CLANG_WARN_UNGUARDED_AVAILABILITY = YES_AGGRESSIVE;
				CLANG_WARN_UNREACHABLE_CODE = YES;
				CLANG_WARN__DUPLICATE_METHOD_MATCH = YES;
				COPY_PHASE_STRIP = NO;
				DEBUG_INFORMATION_FORMAT = dwarf;
				ENABLE_STRICT_OBJC_MSGSEND = YES;
				ENABLE_TESTABILITY = YES;
				GCC_C_LANGUAGE_STANDARD = gnu11;
				GCC_DYNAMIC_NO_PIC = NO;
				GCC_NO_COMMON_BLOCKS = YES;
				GCC_OPTIMIZATION_LEVEL = 0;
				GCC_PREPROCESSOR_DEFINITIONS = (
					"DEBUG=1",
					"$(inherited)",
				);
				GCC_WARN_64_TO_32_BIT_CONVERSION = YES;
				GCC_WARN_ABOUT_RETURN_TYPE = YES_ERROR;
				GCC_WARN_UNDECLARED_SELECTOR = YES;
				GCC_WARN_UNINITIALIZED_AUTOS = YES_AGGRESSIVE;
				GCC_WARN_UNUSED_FUNCTION = YES;
				GCC_WARN_UNUSED_VARIABLE = YES;
				MTL_ENABLE_DEBUG_INFO = INCLUDE_SOURCE;
				MTL_FAST_MATH = YES;
				ONLY_ACTIVE_ARCH = YES;
				SWIFT_ACTIVE_COMPILATION_CONDITIONS = DEBUG;
				SWIFT_OPTIMIZATION_LEVEL = "-Onone";
			};
			name = Debug;
		};
		E562B16329FA9AF300459684 /* Release */ = {
			isa = XCBuildConfiguration;
			buildSettings = {
				ALWAYS_SEARCH_USER_PATHS = NO;
				CLANG_ANALYZER_NONNULL = YES;
				CLANG_ANALYZER_NUMBER_OBJECT_CONVERSION = YES_AGGRESSIVE;
				CLANG_CXX_LANGUAGE_STANDARD = "gnu++20";
				CLANG_ENABLE_MODULES = YES;
				CLANG_ENABLE_OBJC_ARC = YES;
				CLANG_ENABLE_OBJC_WEAK = YES;
				CLANG_WARN_BLOCK_CAPTURE_AUTORELEASING = YES;
				CLANG_WARN_BOOL_CONVERSION = YES;
				CLANG_WARN_COMMA = YES;
				CLANG_WARN_CONSTANT_CONVERSION = YES;
				CLANG_WARN_DEPRECATED_OBJC_IMPLEMENTATIONS = YES;
				CLANG_WARN_DIRECT_OBJC_ISA_USAGE = YES_ERROR;
				CLANG_WARN_DOCUMENTATION_COMMENTS = YES;
				CLANG_WARN_EMPTY_BODY = YES;
				CLANG_WARN_ENUM_CONVERSION = YES;
				CLANG_WARN_INFINITE_RECURSION = YES;
				CLANG_WARN_INT_CONVERSION = YES;
				CLANG_WARN_NON_LITERAL_NULL_CONVERSION = YES;
				CLANG_WARN_OBJC_IMPLICIT_RETAIN_SELF = YES;
				CLANG_WARN_OBJC_LITERAL_CONVERSION = YES;
				CLANG_WARN_OBJC_ROOT_CLASS = YES_ERROR;
				CLANG_WARN_QUOTED_INCLUDE_IN_FRAMEWORK_HEADER = YES;
				CLANG_WARN_RANGE_LOOP_ANALYSIS = YES;
				CLANG_WARN_STRICT_PROTOTYPES = YES;
				CLANG_WARN_SUSPICIOUS_MOVE = YES;
				CLANG_WARN_UNGUARDED_AVAILABILITY = YES_AGGRESSIVE;
				CLANG_WARN_UNREACHABLE_CODE = YES;
				CLANG_WARN__DUPLICATE_METHOD_MATCH = YES;
				COPY_PHASE_STRIP = NO;
				DEBUG_INFORMATION_FORMAT = "dwarf-with-dsym";
				ENABLE_NS_ASSERTIONS = NO;
				ENABLE_STRICT_OBJC_MSGSEND = YES;
				GCC_C_LANGUAGE_STANDARD = gnu11;
				GCC_NO_COMMON_BLOCKS = YES;
				GCC_WARN_64_TO_32_BIT_CONVERSION = YES;
				GCC_WARN_ABOUT_RETURN_TYPE = YES_ERROR;
				GCC_WARN_UNDECLARED_SELECTOR = YES;
				GCC_WARN_UNINITIALIZED_AUTOS = YES_AGGRESSIVE;
				GCC_WARN_UNUSED_FUNCTION = YES;
				GCC_WARN_UNUSED_VARIABLE = YES;
				MTL_ENABLE_DEBUG_INFO = NO;
				MTL_FAST_MATH = YES;
				SWIFT_COMPILATION_MODE = wholemodule;
				SWIFT_OPTIMIZATION_LEVEL = "-O";
			};
			name = Release;
		};
		E562B16529FA9AF300459684 /* Debug */ = {
			isa = XCBuildConfiguration;
			buildSettings = {
				ASSETCATALOG_COMPILER_APPICON_NAME = AppIcon;
				ASSETCATALOG_COMPILER_GLOBAL_ACCENT_COLOR_NAME = AccentColor;
				CODE_SIGN_ENTITLEMENTS = Planet/Planet.entitlements;
				CODE_SIGN_STYLE = Automatic;
				CURRENT_PROJECT_VERSION = 1;
				DEVELOPMENT_ASSET_PATHS = "\"Planet/Preview Content\"";
				ENABLE_PREVIEWS = YES;
				GENERATE_INFOPLIST_FILE = YES;
				"INFOPLIST_KEY_UIApplicationSceneManifest_Generation[sdk=iphoneos*]" = YES;
				"INFOPLIST_KEY_UIApplicationSceneManifest_Generation[sdk=iphonesimulator*]" = YES;
				"INFOPLIST_KEY_UIApplicationSupportsIndirectInputEvents[sdk=iphoneos*]" = YES;
				"INFOPLIST_KEY_UIApplicationSupportsIndirectInputEvents[sdk=iphonesimulator*]" = YES;
				"INFOPLIST_KEY_UILaunchScreen_Generation[sdk=iphoneos*]" = YES;
				"INFOPLIST_KEY_UILaunchScreen_Generation[sdk=iphonesimulator*]" = YES;
				"INFOPLIST_KEY_UIStatusBarStyle[sdk=iphoneos*]" = UIStatusBarStyleDefault;
				"INFOPLIST_KEY_UIStatusBarStyle[sdk=iphonesimulator*]" = UIStatusBarStyleDefault;
				INFOPLIST_KEY_UISupportedInterfaceOrientations_iPad = "UIInterfaceOrientationPortrait UIInterfaceOrientationPortraitUpsideDown UIInterfaceOrientationLandscapeLeft UIInterfaceOrientationLandscapeRight";
				INFOPLIST_KEY_UISupportedInterfaceOrientations_iPhone = "UIInterfaceOrientationPortrait UIInterfaceOrientationLandscapeLeft UIInterfaceOrientationLandscapeRight";
				IPHONEOS_DEPLOYMENT_TARGET = 16.2;
				LD_RUNPATH_SEARCH_PATHS = "@executable_path/Frameworks";
				"LD_RUNPATH_SEARCH_PATHS[sdk=macosx*]" = "@executable_path/../Frameworks";
				MACOSX_DEPLOYMENT_TARGET = 12.6;
				MARKETING_VERSION = 1.0;
				PRODUCT_BUNDLE_IDENTIFIER = rayyan.hasnain.Planet;
				PRODUCT_NAME = "$(TARGET_NAME)";
				SDKROOT = auto;
				SUPPORTED_PLATFORMS = "iphoneos iphonesimulator macosx";
				SWIFT_EMIT_LOC_STRINGS = YES;
				SWIFT_VERSION = 5.0;
				TARGETED_DEVICE_FAMILY = "1,2";
			};
			name = Debug;
		};
		E562B16629FA9AF300459684 /* Release */ = {
			isa = XCBuildConfiguration;
			buildSettings = {
				ASSETCATALOG_COMPILER_APPICON_NAME = AppIcon;
				ASSETCATALOG_COMPILER_GLOBAL_ACCENT_COLOR_NAME = AccentColor;
				CODE_SIGN_ENTITLEMENTS = Planet/Planet.entitlements;
				CODE_SIGN_STYLE = Automatic;
				CURRENT_PROJECT_VERSION = 1;
				DEVELOPMENT_ASSET_PATHS = "\"Planet/Preview Content\"";
				ENABLE_PREVIEWS = YES;
				GENERATE_INFOPLIST_FILE = YES;
				"INFOPLIST_KEY_UIApplicationSceneManifest_Generation[sdk=iphoneos*]" = YES;
				"INFOPLIST_KEY_UIApplicationSceneManifest_Generation[sdk=iphonesimulator*]" = YES;
				"INFOPLIST_KEY_UIApplicationSupportsIndirectInputEvents[sdk=iphoneos*]" = YES;
				"INFOPLIST_KEY_UIApplicationSupportsIndirectInputEvents[sdk=iphonesimulator*]" = YES;
				"INFOPLIST_KEY_UILaunchScreen_Generation[sdk=iphoneos*]" = YES;
				"INFOPLIST_KEY_UILaunchScreen_Generation[sdk=iphonesimulator*]" = YES;
				"INFOPLIST_KEY_UIStatusBarStyle[sdk=iphoneos*]" = UIStatusBarStyleDefault;
				"INFOPLIST_KEY_UIStatusBarStyle[sdk=iphonesimulator*]" = UIStatusBarStyleDefault;
				INFOPLIST_KEY_UISupportedInterfaceOrientations_iPad = "UIInterfaceOrientationPortrait UIInterfaceOrientationPortraitUpsideDown UIInterfaceOrientationLandscapeLeft UIInterfaceOrientationLandscapeRight";
				INFOPLIST_KEY_UISupportedInterfaceOrientations_iPhone = "UIInterfaceOrientationPortrait UIInterfaceOrientationLandscapeLeft UIInterfaceOrientationLandscapeRight";
				IPHONEOS_DEPLOYMENT_TARGET = 16.2;
				LD_RUNPATH_SEARCH_PATHS = "@executable_path/Frameworks";
				"LD_RUNPATH_SEARCH_PATHS[sdk=macosx*]" = "@executable_path/../Frameworks";
				MACOSX_DEPLOYMENT_TARGET = 12.6;
				MARKETING_VERSION = 1.0;
				PRODUCT_BUNDLE_IDENTIFIER = rayyan.hasnain.Planet;
				PRODUCT_NAME = "$(TARGET_NAME)";
				SDKROOT = auto;
				SUPPORTED_PLATFORMS = "iphoneos iphonesimulator macosx";
				SWIFT_EMIT_LOC_STRINGS = YES;
				SWIFT_VERSION = 5.0;
				TARGETED_DEVICE_FAMILY = "1,2";
			};
			name = Release;
		};
		E562B16829FA9AF300459684 /* Debug */ = {
			isa = XCBuildConfiguration;
			buildSettings = {
				ALWAYS_EMBED_SWIFT_STANDARD_LIBRARIES = YES;
				BUNDLE_LOADER = "$(TEST_HOST)";
				CODE_SIGN_STYLE = Automatic;
				CURRENT_PROJECT_VERSION = 1;
				GENERATE_INFOPLIST_FILE = YES;
				IPHONEOS_DEPLOYMENT_TARGET = 16.2;
				MACOSX_DEPLOYMENT_TARGET = 12.6;
				MARKETING_VERSION = 1.0;
				PRODUCT_BUNDLE_IDENTIFIER = rayyan.hasnain.PlanetTests;
				PRODUCT_NAME = "$(TARGET_NAME)";
				SDKROOT = auto;
				SUPPORTED_PLATFORMS = "iphoneos iphonesimulator macosx";
				SWIFT_EMIT_LOC_STRINGS = NO;
				SWIFT_VERSION = 5.0;
				TARGETED_DEVICE_FAMILY = "1,2";
				TEST_HOST = "$(BUILT_PRODUCTS_DIR)/Planet.app/$(BUNDLE_EXECUTABLE_FOLDER_PATH)/Planet";
			};
			name = Debug;
		};
		E562B16929FA9AF300459684 /* Release */ = {
			isa = XCBuildConfiguration;
			buildSettings = {
				ALWAYS_EMBED_SWIFT_STANDARD_LIBRARIES = YES;
				BUNDLE_LOADER = "$(TEST_HOST)";
				CODE_SIGN_STYLE = Automatic;
				CURRENT_PROJECT_VERSION = 1;
				GENERATE_INFOPLIST_FILE = YES;
				IPHONEOS_DEPLOYMENT_TARGET = 16.2;
				MACOSX_DEPLOYMENT_TARGET = 12.6;
				MARKETING_VERSION = 1.0;
				PRODUCT_BUNDLE_IDENTIFIER = rayyan.hasnain.PlanetTests;
				PRODUCT_NAME = "$(TARGET_NAME)";
				SDKROOT = auto;
				SUPPORTED_PLATFORMS = "iphoneos iphonesimulator macosx";
				SWIFT_EMIT_LOC_STRINGS = NO;
				SWIFT_VERSION = 5.0;
				TARGETED_DEVICE_FAMILY = "1,2";
				TEST_HOST = "$(BUILT_PRODUCTS_DIR)/Planet.app/$(BUNDLE_EXECUTABLE_FOLDER_PATH)/Planet";
			};
			name = Release;
		};
		E562B16B29FA9AF300459684 /* Debug */ = {
			isa = XCBuildConfiguration;
			buildSettings = {
				ALWAYS_EMBED_SWIFT_STANDARD_LIBRARIES = YES;
				CODE_SIGN_STYLE = Automatic;
				CURRENT_PROJECT_VERSION = 1;
				GENERATE_INFOPLIST_FILE = YES;
				IPHONEOS_DEPLOYMENT_TARGET = 16.2;
				MACOSX_DEPLOYMENT_TARGET = 12.6;
				MARKETING_VERSION = 1.0;
				PRODUCT_BUNDLE_IDENTIFIER = rayyan.hasnain.PlanetUITests;
				PRODUCT_NAME = "$(TARGET_NAME)";
				SDKROOT = auto;
				SUPPORTED_PLATFORMS = "iphoneos iphonesimulator macosx";
				SWIFT_EMIT_LOC_STRINGS = NO;
				SWIFT_VERSION = 5.0;
				TARGETED_DEVICE_FAMILY = "1,2";
				TEST_TARGET_NAME = Planet;
			};
			name = Debug;
		};
		E562B16C29FA9AF300459684 /* Release */ = {
			isa = XCBuildConfiguration;
			buildSettings = {
				ALWAYS_EMBED_SWIFT_STANDARD_LIBRARIES = YES;
				CODE_SIGN_STYLE = Automatic;
				CURRENT_PROJECT_VERSION = 1;
				GENERATE_INFOPLIST_FILE = YES;
				IPHONEOS_DEPLOYMENT_TARGET = 16.2;
				MACOSX_DEPLOYMENT_TARGET = 12.6;
				MARKETING_VERSION = 1.0;
				PRODUCT_BUNDLE_IDENTIFIER = rayyan.hasnain.PlanetUITests;
				PRODUCT_NAME = "$(TARGET_NAME)";
				SDKROOT = auto;
				SUPPORTED_PLATFORMS = "iphoneos iphonesimulator macosx";
				SWIFT_EMIT_LOC_STRINGS = NO;
				SWIFT_VERSION = 5.0;
				TARGETED_DEVICE_FAMILY = "1,2";
				TEST_TARGET_NAME = Planet;
			};
			name = Release;
		};
/* End XCBuildConfiguration section */

/* Begin XCConfigurationList section */
		E562B13A29FA9AF100459684 /* Build configuration list for PBXProject "Planet" */ = {
			isa = XCConfigurationList;
			buildConfigurations = (
				E562B16229FA9AF300459684 /* Debug */,
				E562B16329FA9AF300459684 /* Release */,
			);
			defaultConfigurationIsVisible = 0;
			defaultConfigurationName = Release;
		};
		E562B16429FA9AF300459684 /* Build configuration list for PBXNativeTarget "Planet" */ = {
			isa = XCConfigurationList;
			buildConfigurations = (
				E562B16529FA9AF300459684 /* Debug */,
				E562B16629FA9AF300459684 /* Release */,
			);
			defaultConfigurationIsVisible = 0;
			defaultConfigurationName = Release;
		};
		E562B16729FA9AF300459684 /* Build configuration list for PBXNativeTarget "PlanetTests" */ = {
			isa = XCConfigurationList;
			buildConfigurations = (
				E562B16829FA9AF300459684 /* Debug */,
				E562B16929FA9AF300459684 /* Release */,
			);
			defaultConfigurationIsVisible = 0;
			defaultConfigurationName = Release;
		};
		E562B16A29FA9AF300459684 /* Build configuration list for PBXNativeTarget "PlanetUITests" */ = {
			isa = XCConfigurationList;
			buildConfigurations = (
				E562B16B29FA9AF300459684 /* Debug */,
				E562B16C29FA9AF300459684 /* Release */,
			);
			defaultConfigurationIsVisible = 0;
			defaultConfigurationName = Release;
		};
/* End XCConfigurationList section */
	};
	rootObject = E562B13729FA9AF100459684 /* Project object */;
}
